
Microsoft Visual Studio Solution File, Format Version 12.00
# Visual Studio Version 16
VisualStudioVersion = 16.0.30523.141
MinimumVisualStudioVersion = 10.0.40219.1
Project("{FAE04EC0-301F-11D3-BF4B-00C04F79EFBC}") = "BitirmeProjesi", "BitirmeProjesi\BitirmeProjesi.csproj", "{F7955E50-971B-4594-B34E-1F3297185B74}"
EndProject
Global
	GlobalSection(SolutionConfigurationPlatforms) = preSolution
		Debug|Any CPU = Debug|Any CPU
		Release|Any CPU = Release|Any CPU
	EndGlobalSection
	GlobalSection(ProjectConfigurationPlatforms) = postSolution
		{F7955E50-971B-4594-B34E-1F3297185B74}.Debug|Any CPU.ActiveCfg = Debug|Any CPU
		{F7955E50-971B-4594-B34E-1F3297185B74}.Debug|Any CPU.Build.0 = Debug|Any CPU
		{F7955E50-971B-4594-B34E-1F3297185B74}.Release|Any CPU.ActiveCfg = Release|Any CPU
		{F7955E50-971B-4594-B34E-1F3297185B74}.Release|Any CPU.Build.0 = Release|Any CPU
	EndGlobalSection
	GlobalSection(SolutionProperties) = preSolution
		HideSolutionNode = FALSE
	EndGlobalSection
	GlobalSection(ExtensibilityGlobals) = postSolution
		SolutionGuid = {2AD1312D-08D3-4286-91E8-38067D10B698}
	EndGlobalSection
EndGlobal
